
Microsoft Visual Studio Solution File, Format Version 12.00
# Visual Studio Version 17
VisualStudioVersion = 17.10.34928.147
MinimumVisualStudioVersion = 10.0.40219.1
Project("{8BC9CEB8-8B4A-11D0-8D11-00A0C91BC942}") = "Opticus", "Opticus\Opticus.vcxproj", "{7B4B669B-EF2B-4AE5-9459-C56B47B559F0}"
EndProject
Project("{8BC9CEB8-8B4A-11D0-8D11-00A0C91BC942}") = "ACECS Engine", "..\ACECS Engine\ACECS Engine.vcxproj", "{1CA11EB4-4748-4866-818B-17E720A3B6B8}"
EndProject
Global
	GlobalSection(SolutionConfigurationPlatforms) = preSolution
		Debug|x64 = Debug|x64
		Debug|x86 = Debug|x86
		Release|x64 = Release|x64
		Release|x86 = Release|x86
	EndGlobalSection
	GlobalSection(ProjectConfigurationPlatforms) = postSolution
		{7B4B669B-EF2B-4AE5-9459-C56B47B559F0}.Debug|x64.ActiveCfg = Debug|x64
		{7B4B669B-EF2B-4AE5-9459-C56B47B559F0}.Debug|x64.Build.0 = Debug|x64
		{7B4B669B-EF2B-4AE5-9459-C56B47B559F0}.Debug|x86.ActiveCfg = Debug|Win32
		{7B4B669B-EF2B-4AE5-9459-C56B47B559F0}.Debug|x86.Build.0 = Debug|Win32
		{7B4B669B-EF2B-4AE5-9459-C56B47B559F0}.Release|x64.ActiveCfg = Release|x64
		{7B4B669B-EF2B-4AE5-9459-C56B47B559F0}.Release|x64.Build.0 = Release|x64
		{7B4B669B-EF2B-4AE5-9459-C56B47B559F0}.Release|x86.ActiveCfg = Release|Win32
		{7B4B669B-EF2B-4AE5-9459-C56B47B559F0}.Release|x86.Build.0 = Release|Win32
		{1CA11EB4-4748-4866-818B-17E720A3B6B8}.Debug|x64.ActiveCfg = Debug|x64
		{1CA11EB4-4748-4866-818B-17E720A3B6B8}.Debug|x86.ActiveCfg = Debug|Win32
		{1CA11EB4-4748-4866-818B-17E720A3B6B8}.Debug|x86.Build.0 = Debug|Win32
		{1CA11EB4-4748-4866-818B-17E720A3B6B8}.Release|x64.ActiveCfg = Release|x64
		{1CA11EB4-4748-4866-818B-17E720A3B6B8}.Release|x86.ActiveCfg = Release|Win32
		{1CA11EB4-4748-4866-818B-17E720A3B6B8}.Release|x86.Build.0 = Release|Win32
	EndGlobalSection
	GlobalSection(SolutionProperties) = preSolution
		HideSolutionNode = FALSE
	EndGlobalSection
	GlobalSection(ExtensibilityGlobals) = postSolution
		SolutionGuid = {27463CC1-3BFC-4417-94F5-5AE5AF1EE5A8}
	EndGlobalSection
EndGlobal
